<?xml version="1.0" encoding="utf-8"?>
<Project DefaultTargets="Build" ToolsVersion="4.0" xmlns="http://schemas.microsoft.com/developer/msbuild/2003">
  <PropertyGroup>
    <Configuration Condition=" '$(Configuration)' == '' ">Debug</Configuration>
    <Platform Condition=" '$(Platform)' == '' ">AnyCPU</Platform>
    <ProductVersion>10.0.0</ProductVersion>
    <SchemaVersion>2.0</SchemaVersion>
    <ProjectGuid>{38DA70AB-B53F-47B0-8A94-1E360A5EA052}</ProjectGuid>
    <UseDefaultCompiler>true</UseDefaultCompiler>
    <IncrementalLinking>true</IncrementalLinking>
    <PreferOneStepBuild>true</PreferOneStepBuild>
    <Compiler>DMD2</Compiler>
    <DependentProjectIds>
      <DependentProjectIds>
        <String>{5A33F8EE-ED0D-4D05-B30E-014E37CB97A4}</String>
      </DependentProjectIds>
    </DependentProjectIds>
  </PropertyGroup>
  <PropertyGroup Condition=" '$(Configuration)|$(Platform)' == 'Debug|AnyCPU' ">
    <DebugSymbols>true</DebugSymbols>
    <OutputPath>bin\Debug</OutputPath>
    <LinkinThirdPartyLibraries>false</LinkinThirdPartyLibraries>
    <ObjectsDirectory>obj\Debug</ObjectsDirectory>
    <DebugLevel>0</DebugLevel>
    <UnittestMode>false</UnittestMode>
    <Externalconsole>true</Externalconsole>
    <Target>Executable</Target>
    <OutputName>Test</OutputName>
  </PropertyGroup>
  <PropertyGroup Condition=" '$(Configuration)|$(Platform)' == 'Release|AnyCPU' ">
    <OutputPath>bin\Release</OutputPath>
    <LinkinThirdPartyLibraries>false</LinkinThirdPartyLibraries>
    <ObjectsDirectory>obj\Release</ObjectsDirectory>
    <DebugLevel>0</DebugLevel>
    <UnittestMode>false</UnittestMode>
    <Externalconsole>true</Externalconsole>
    <Target>Executable</Target>
    <OutputName>Test</OutputName>
  </PropertyGroup>
  <PropertyGroup Condition=" '$(Configuration)|$(Platform)' == 'Unittest|AnyCPU' ">
    <DebugSymbols>true</DebugSymbols>
    <OutputPath>bin\Unittest</OutputPath>
    <LinkinThirdPartyLibraries>true</LinkinThirdPartyLibraries>
    <ObjectsDirectory>obj\Unittest</ObjectsDirectory>
    <DebugLevel>0</DebugLevel>
    <UnittestMode>true</UnittestMode>
    <Target>Executable</Target>
    <OutputName>Test</OutputName>
    <Libs>
      <Libs>
        <Lib>../RDX/bin/Debug/libRDX.lib</Lib>
      </Libs>
    </Libs>
    <ConsolePause>false</ConsolePause>
  </PropertyGroup>
  <ItemGroup>
    <Compile Include="test\main.d" />
    <Compile Include="test\observer.d" />
  </ItemGroup>
</Project>